// !$*UTF8*$!
{
	archiveVersion = 1;
	classes = {
	};
	objectVersion = 50;
	objects = {

/* Begin PBXBuildFile section */
		E246562526D4442400FBB290 /* LearningApp.swift in Sources */ = {isa = PBXBuildFile; fileRef = E246562426D4442400FBB290 /* LearningApp.swift */; };
		E246562726D4442400FBB290 /* HomeView.swift in Sources */ = {isa = PBXBuildFile; fileRef = E246562626D4442400FBB290 /* HomeView.swift */; };
		E246562926D4442500FBB290 /* Assets.xcassets in Resources */ = {isa = PBXBuildFile; fileRef = E246562826D4442500FBB290 /* Assets.xcassets */; };
		E246562C26D4442500FBB290 /* Preview Assets.xcassets in Resources */ = {isa = PBXBuildFile; fileRef = E246562B26D4442500FBB290 /* Preview Assets.xcassets */; };
		E246563726D448F900FBB290 /* ContentModel.swift in Sources */ = {isa = PBXBuildFile; fileRef = E246563626D448F900FBB290 /* ContentModel.swift */; };
		E246564226D45C3200FBB290 /* data.json in Resources */ = {isa = PBXBuildFile; fileRef = E246564026D45C3200FBB290 /* data.json */; };
		E246564326D45C3200FBB290 /* style.html in Resources */ = {isa = PBXBuildFile; fileRef = E246564126D45C3200FBB290 /* style.html */; };
		E246564526D45E0000FBB290 /* Models.swift in Sources */ = {isa = PBXBuildFile; fileRef = E246564426D45E0000FBB290 /* Models.swift */; };
		E246564726D479FA00FBB290 /* HomeViewRow.swift in Sources */ = {isa = PBXBuildFile; fileRef = E246564626D479FA00FBB290 /* HomeViewRow.swift */; };
		E246564926D4BE1400FBB290 /* ContentView.swift in Sources */ = {isa = PBXBuildFile; fileRef = E246564826D4BE1300FBB290 /* ContentView.swift */; };
		E246564B26D4CCB900FBB290 /* ContentViewRow.swift in Sources */ = {isa = PBXBuildFile; fileRef = E246564A26D4CCB900FBB290 /* ContentViewRow.swift */; };
		E246564D26D5900D00FBB290 /* ContentDetailView.swift in Sources */ = {isa = PBXBuildFile; fileRef = E246564C26D5900D00FBB290 /* ContentDetailView.swift */; };
		E246565026D5A8B400FBB290 /* AVKit.framework in Frameworks */ = {isa = PBXBuildFile; fileRef = E246564F26D5A8B400FBB290 /* AVKit.framework */; };
		E246565226D5A9B200FBB290 /* Contstants.swift in Sources */ = {isa = PBXBuildFile; fileRef = E246565126D5A9B200FBB290 /* Contstants.swift */; };
		E2AE736D26D86B01006128D1 /* RectangleCard.swift in Sources */ = {isa = PBXBuildFile; fileRef = E2AE736C26D86B01006128D1 /* RectangleCard.swift */; };
		E2AE736F26D94C68006128D1 /* TestView.swift in Sources */ = {isa = PBXBuildFile; fileRef = E2AE736E26D94C68006128D1 /* TestView.swift */; };
		E2C1761C26D6FFE80054DF48 /* CodeTextView.swift in Sources */ = {isa = PBXBuildFile; fileRef = E2C1761B26D6FFE80054DF48 /* CodeTextView.swift */; };
/* End PBXBuildFile section */

/* Begin PBXFileReference section */
		E246562126D4442400FBB290 /* LearningApp.app */ = {isa = PBXFileReference; explicitFileType = wrapper.application; includeInIndex = 0; path = LearningApp.app; sourceTree = BUILT_PRODUCTS_DIR; };
		E246562426D4442400FBB290 /* LearningApp.swift */ = {isa = PBXFileReference; lastKnownFileType = sourcecode.swift; path = LearningApp.swift; sourceTree = "<group>"; };
		E246562626D4442400FBB290 /* HomeView.swift */ = {isa = PBXFileReference; lastKnownFileType = sourcecode.swift; path = HomeView.swift; sourceTree = "<group>"; };
		E246562826D4442500FBB290 /* Assets.xcassets */ = {isa = PBXFileReference; lastKnownFileType = folder.assetcatalog; path = Assets.xcassets; sourceTree = "<group>"; };
		E246562B26D4442500FBB290 /* Preview Assets.xcassets */ = {isa = PBXFileReference; lastKnownFileType = folder.assetcatalog; path = "Preview Assets.xcassets"; sourceTree = "<group>"; };
		E246562D26D4442500FBB290 /* Info.plist */ = {isa = PBXFileReference; lastKnownFileType = text.plist.xml; path = Info.plist; sourceTree = "<group>"; };
		E246563626D448F900FBB290 /* ContentModel.swift */ = {isa = PBXFileReference; lastKnownFileType = sourcecode.swift; path = ContentModel.swift; sourceTree = "<group>"; };
		E246564026D45C3200FBB290 /* data.json */ = {isa = PBXFileReference; fileEncoding = 4; lastKnownFileType = text.json; path = data.json; sourceTree = "<group>"; };
		E246564126D45C3200FBB290 /* style.html */ = {isa = PBXFileReference; fileEncoding = 4; lastKnownFileType = text.html; path = style.html; sourceTree = "<group>"; };
		E246564426D45E0000FBB290 /* Models.swift */ = {isa = PBXFileReference; lastKnownFileType = sourcecode.swift; path = Models.swift; sourceTree = "<group>"; };
		E246564626D479FA00FBB290 /* HomeViewRow.swift */ = {isa = PBXFileReference; lastKnownFileType = sourcecode.swift; path = HomeViewRow.swift; sourceTree = "<group>"; };
		E246564826D4BE1300FBB290 /* ContentView.swift */ = {isa = PBXFileReference; lastKnownFileType = sourcecode.swift; path = ContentView.swift; sourceTree = "<group>"; };
		E246564A26D4CCB900FBB290 /* ContentViewRow.swift */ = {isa = PBXFileReference; lastKnownFileType = sourcecode.swift; path = ContentViewRow.swift; sourceTree = "<group>"; };
		E246564C26D5900D00FBB290 /* ContentDetailView.swift */ = {isa = PBXFileReference; lastKnownFileType = sourcecode.swift; path = ContentDetailView.swift; sourceTree = "<group>"; };
		E246564F26D5A8B400FBB290 /* AVKit.framework */ = {isa = PBXFileReference; lastKnownFileType = wrapper.framework; name = AVKit.framework; path = System/Library/Frameworks/AVKit.framework; sourceTree = SDKROOT; };
		E246565126D5A9B200FBB290 /* Contstants.swift */ = {isa = PBXFileReference; lastKnownFileType = sourcecode.swift; path = Contstants.swift; sourceTree = "<group>"; };
		E2AE736C26D86B01006128D1 /* RectangleCard.swift */ = {isa = PBXFileReference; lastKnownFileType = sourcecode.swift; path = RectangleCard.swift; sourceTree = "<group>"; };
		E2AE736E26D94C68006128D1 /* TestView.swift */ = {isa = PBXFileReference; lastKnownFileType = sourcecode.swift; path = TestView.swift; sourceTree = "<group>"; };
		E2C1761B26D6FFE80054DF48 /* CodeTextView.swift */ = {isa = PBXFileReference; lastKnownFileType = sourcecode.swift; path = CodeTextView.swift; sourceTree = "<group>"; };
/* End PBXFileReference section */

/* Begin PBXFrameworksBuildPhase section */
		E246561E26D4442400FBB290 /* Frameworks */ = {
			isa = PBXFrameworksBuildPhase;
			buildActionMask = 2147483647;
			files = (
				E246565026D5A8B400FBB290 /* AVKit.framework in Frameworks */,
			);
			runOnlyForDeploymentPostprocessing = 0;
		};
/* End PBXFrameworksBuildPhase section */

/* Begin PBXGroup section */
		E246561826D4442400FBB290 = {
			isa = PBXGroup;
			children = (
				E246562326D4442400FBB290 /* LearningApp */,
				E246562226D4442400FBB290 /* Products */,
				E246564E26D5A8B300FBB290 /* Frameworks */,
			);
			sourceTree = "<group>";
		};
		E246562226D4442400FBB290 /* Products */ = {
			isa = PBXGroup;
			children = (
				E246562126D4442400FBB290 /* LearningApp.app */,
			);
			name = Products;
			sourceTree = "<group>";
		};
		E246562326D4442400FBB290 /* LearningApp */ = {
			isa = PBXGroup;
			children = (
				E246563F26D45BFE00FBB290 /* Resources */,
				E246563E26D45BF500FBB290 /* Helpers */,
				E246563526D448CD00FBB290 /* Models */,
				E246563426D448C800FBB290 /* ViewModels */,
				E246563326D448BF00FBB290 /* Views */,
				E246562426D4442400FBB290 /* LearningApp.swift */,
				E246562D26D4442500FBB290 /* Info.plist */,
				E246562A26D4442500FBB290 /* Preview Content */,
			);
			path = LearningApp;
			sourceTree = "<group>";
		};
		E246562A26D4442500FBB290 /* Preview Content */ = {
			isa = PBXGroup;
			children = (
				E246562B26D4442500FBB290 /* Preview Assets.xcassets */,
			);
			path = "Preview Content";
			sourceTree = "<group>";
		};
		E246563326D448BF00FBB290 /* Views */ = {
			isa = PBXGroup;
			children = (
				E246562626D4442400FBB290 /* HomeView.swift */,
				E246564626D479FA00FBB290 /* HomeViewRow.swift */,
				E246564826D4BE1300FBB290 /* ContentView.swift */,
				E246564A26D4CCB900FBB290 /* ContentViewRow.swift */,
				E246564C26D5900D00FBB290 /* ContentDetailView.swift */,
				E2C1761B26D6FFE80054DF48 /* CodeTextView.swift */,
				E2AE736C26D86B01006128D1 /* RectangleCard.swift */,
				E2AE736E26D94C68006128D1 /* TestView.swift */,
			);
			path = Views;
			sourceTree = "<group>";
		};
		E246563426D448C800FBB290 /* ViewModels */ = {
			isa = PBXGroup;
			children = (
				E246563626D448F900FBB290 /* ContentModel.swift */,
			);
			path = ViewModels;
			sourceTree = "<group>";
		};
		E246563526D448CD00FBB290 /* Models */ = {
			isa = PBXGroup;
			children = (
				E246564426D45E0000FBB290 /* Models.swift */,
			);
			path = Models;
			sourceTree = "<group>";
		};
		E246563E26D45BF500FBB290 /* Helpers */ = {
			isa = PBXGroup;
			children = (
				E246562826D4442500FBB290 /* Assets.xcassets */,
			);
			path = Helpers;
			sourceTree = "<group>";
		};
		E246563F26D45BFE00FBB290 /* Resources */ = {
			isa = PBXGroup;
			children = (
				E246564026D45C3200FBB290 /* data.json */,
				E246564126D45C3200FBB290 /* style.html */,
				E246565126D5A9B200FBB290 /* Contstants.swift */,
			);
			path = Resources;
			sourceTree = "<group>";
		};
		E246564E26D5A8B300FBB290 /* Frameworks */ = {
			isa = PBXGroup;
			children = (
				E246564F26D5A8B400FBB290 /* AVKit.framework */,
			);
			name = Frameworks;
			sourceTree = "<group>";
		};
/* End PBXGroup section */

/* Begin PBXNativeTarget section */
		E246562026D4442400FBB290 /* LearningApp */ = {
			isa = PBXNativeTarget;
			buildConfigurationList = E246563026D4442500FBB290 /* Build configuration list for PBXNativeTarget "LearningApp" */;
			buildPhases = (
				E246561D26D4442400FBB290 /* Sources */,
				E246561E26D4442400FBB290 /* Frameworks */,
				E246561F26D4442400FBB290 /* Resources */,
			);
			buildRules = (
			);
			dependencies = (
			);
			name = LearningApp;
			productName = LearningApp;
			productReference = E246562126D4442400FBB290 /* LearningApp.app */;
			productType = "com.apple.product-type.application";
		};
/* End PBXNativeTarget section */

/* Begin PBXProject section */
		E246561926D4442400FBB290 /* Project object */ = {
			isa = PBXProject;
			attributes = {
				LastSwiftUpdateCheck = 1250;
				LastUpgradeCheck = 1250;
				TargetAttributes = {
					E246562026D4442400FBB290 = {
						CreatedOnToolsVersion = 12.5.1;
					};
				};
			};
			buildConfigurationList = E246561C26D4442400FBB290 /* Build configuration list for PBXProject "LearningApp" */;
			compatibilityVersion = "Xcode 9.3";
			developmentRegion = en;
			hasScannedForEncodings = 0;
			knownRegions = (
				en,
				Base,
			);
			mainGroup = E246561826D4442400FBB290;
			productRefGroup = E246562226D4442400FBB290 /* Products */;
			projectDirPath = "";
			projectRoot = "";
			targets = (
				E246562026D4442400FBB290 /* LearningApp */,
			);
		};
/* End PBXProject section */

/* Begin PBXResourcesBuildPhase section */
		E246561F26D4442400FBB290 /* Resources */ = {
			isa = PBXResourcesBuildPhase;
			buildActionMask = 2147483647;
			files = (
				E246562C26D4442500FBB290 /* Preview Assets.xcassets in Resources */,
				E246564226D45C3200FBB290 /* data.json in Resources */,
				E246564326D45C3200FBB290 /* style.html in Resources */,
				E246562926D4442500FBB290 /* Assets.xcassets in Resources */,
			);
			runOnlyForDeploymentPostprocessing = 0;
		};
/* End PBXResourcesBuildPhase section */

/* Begin PBXSourcesBuildPhase section */
		E246561D26D4442400FBB290 /* Sources */ = {
			isa = PBXSourcesBuildPhase;
			buildActionMask = 2147483647;
			files = (
				E2AE736F26D94C68006128D1 /* TestView.swift in Sources */,
				E246562726D4442400FBB290 /* HomeView.swift in Sources */,
				E246565226D5A9B200FBB290 /* Contstants.swift in Sources */,
				E246564726D479FA00FBB290 /* HomeViewRow.swift in Sources */,
				E246564926D4BE1400FBB290 /* ContentView.swift in Sources */,
				E246564D26D5900D00FBB290 /* ContentDetailView.swift in Sources */,
				E246562526D4442400FBB290 /* LearningApp.swift in Sources */,
				E2C1761C26D6FFE80054DF48 /* CodeTextView.swift in Sources */,
				E246564B26D4CCB900FBB290 /* ContentViewRow.swift in Sources */,
				E246563726D448F900FBB290 /* ContentModel.swift in Sources */,
				E2AE736D26D86B01006128D1 /* RectangleCard.swift in Sources */,
				E246564526D45E0000FBB290 /* Models.swift in Sources */,
			);
			runOnlyForDeploymentPostprocessing = 0;
		};
/* End PBXSourcesBuildPhase section */

/* Begin XCBuildConfiguration section */
		E246562E26D4442500FBB290 /* Debug */ = {
			isa = XCBuildConfiguration;
			buildSettings = {
				ALWAYS_SEARCH_USER_PATHS = NO;
				CLANG_ANALYZER_NONNULL = YES;
				CLANG_ANALYZER_NUMBER_OBJECT_CONVERSION = YES_AGGRESSIVE;
				CLANG_CXX_LANGUAGE_STANDARD = "gnu++14";
				CLANG_CXX_LIBRARY = "libc++";
				CLANG_ENABLE_MODULES = YES;
				CLANG_ENABLE_OBJC_ARC = YES;
				CLANG_ENABLE_OBJC_WEAK = YES;
				CLANG_WARN_BLOCK_CAPTURE_AUTORELEASING = YES;
				CLANG_WARN_BOOL_CONVERSION = YES;
				CLANG_WARN_COMMA = YES;
				CLANG_WARN_CONSTANT_CONVERSION = YES;
				CLANG_WARN_DEPRECATED_OBJC_IMPLEMENTATIONS = YES;
				CLANG_WARN_DIRECT_OBJC_ISA_USAGE = YES_ERROR;
				CLANG_WARN_DOCUMENTATION_COMMENTS = YES;
				CLANG_WARN_EMPTY_BODY = YES;
				CLANG_WARN_ENUM_CONVERSION = YES;
				CLANG_WARN_INFINITE_RECURSION = YES;
				CLANG_WARN_INT_CONVERSION = YES;
				CLANG_WARN_NON_LITERAL_NULL_CONVERSION = YES;
				CLANG_WARN_OBJC_IMPLICIT_RETAIN_SELF = YES;
				CLANG_WARN_OBJC_LITERAL_CONVERSION = YES;
				CLANG_WARN_OBJC_ROOT_CLASS = YES_ERROR;
				CLANG_WARN_QUOTED_INCLUDE_IN_FRAMEWORK_HEADER = YES;
				CLANG_WARN_RANGE_LOOP_ANALYSIS = YES;
				CLANG_WARN_STRICT_PROTOTYPES = YES;
				CLANG_WARN_SUSPICIOUS_MOVE = YES;
				CLANG_WARN_UNGUARDED_AVAILABILITY = YES_AGGRESSIVE;
				CLANG_WARN_UNREACHABLE_CODE = YES;
				CLANG_WARN__DUPLICATE_METHOD_MATCH = YES;
				COPY_PHASE_STRIP = NO;
				DEBUG_INFORMATION_FORMAT = dwarf;
				ENABLE_STRICT_OBJC_MSGSEND = YES;
				ENABLE_TESTABILITY = YES;
				GCC_C_LANGUAGE_STANDARD = gnu11;
				GCC_DYNAMIC_NO_PIC = NO;
				GCC_NO_COMMON_BLOCKS = YES;
				GCC_OPTIMIZATION_LEVEL = 0;
				GCC_PREPROCESSOR_DEFINITIONS = (
					"DEBUG=1",
					"$(inherited)",
				);
				GCC_WARN_64_TO_32_BIT_CONVERSION = YES;
				GCC_WARN_ABOUT_RETURN_TYPE = YES_ERROR;
				GCC_WARN_UNDECLARED_SELECTOR = YES;
				GCC_WARN_UNINITIALIZED_AUTOS = YES_AGGRESSIVE;
				GCC_WARN_UNUSED_FUNCTION = YES;
				GCC_WARN_UNUSED_VARIABLE = YES;
				IPHONEOS_DEPLOYMENT_TARGET = 14.5;
				MTL_ENABLE_DEBUG_INFO = INCLUDE_SOURCE;
				MTL_FAST_MATH = YES;
				ONLY_ACTIVE_ARCH = YES;
				SDKROOT = iphoneos;
				SWIFT_ACTIVE_COMPILATION_CONDITIONS = DEBUG;
				SWIFT_OPTIMIZATION_LEVEL = "-Onone";
			};
			name = Debug;
		};
		E246562F26D4442500FBB290 /* Release */ = {
			isa = XCBuildConfiguration;
			buildSettings = {
				ALWAYS_SEARCH_USER_PATHS = NO;
				CLANG_ANALYZER_NONNULL = YES;
				CLANG_ANALYZER_NUMBER_OBJECT_CONVERSION = YES_AGGRESSIVE;
				CLANG_CXX_LANGUAGE_STANDARD = "gnu++14";
				CLANG_CXX_LIBRARY = "libc++";
				CLANG_ENABLE_MODULES = YES;
				CLANG_ENABLE_OBJC_ARC = YES;
				CLANG_ENABLE_OBJC_WEAK = YES;
				CLANG_WARN_BLOCK_CAPTURE_AUTORELEASING = YES;
				CLANG_WARN_BOOL_CONVERSION = YES;
				CLANG_WARN_COMMA = YES;
				CLANG_WARN_CONSTANT_CONVERSION = YES;
				CLANG_WARN_DEPRECATED_OBJC_IMPLEMENTATIONS = YES;
				CLANG_WARN_DIRECT_OBJC_ISA_USAGE = YES_ERROR;
				CLANG_WARN_DOCUMENTATION_COMMENTS = YES;
				CLANG_WARN_EMPTY_BODY = YES;
				CLANG_WARN_ENUM_CONVERSION = YES;
				CLANG_WARN_INFINITE_RECURSION = YES;
				CLANG_WARN_INT_CONVERSION = YES;
				CLANG_WARN_NON_LITERAL_NULL_CONVERSION = YES;
				CLANG_WARN_OBJC_IMPLICIT_RETAIN_SELF = YES;
				CLANG_WARN_OBJC_LITERAL_CONVERSION = YES;
				CLANG_WARN_OBJC_ROOT_CLASS = YES_ERROR;
				CLANG_WARN_QUOTED_INCLUDE_IN_FRAMEWORK_HEADER = YES;
				CLANG_WARN_RANGE_LOOP_ANALYSIS = YES;
				CLANG_WARN_STRICT_PROTOTYPES = YES;
				CLANG_WARN_SUSPICIOUS_MOVE = YES;
				CLANG_WARN_UNGUARDED_AVAILABILITY = YES_AGGRESSIVE;
				CLANG_WARN_UNREACHABLE_CODE = YES;
				CLANG_WARN__DUPLICATE_METHOD_MATCH = YES;
				COPY_PHASE_STRIP = NO;
				DEBUG_INFORMATION_FORMAT = "dwarf-with-dsym";
				ENABLE_NS_ASSERTIONS = NO;
				ENABLE_STRICT_OBJC_MSGSEND = YES;
				GCC_C_LANGUAGE_STANDARD = gnu11;
				GCC_NO_COMMON_BLOCKS = YES;
				GCC_WARN_64_TO_32_BIT_CONVERSION = YES;
				GCC_WARN_ABOUT_RETURN_TYPE = YES_ERROR;
				GCC_WARN_UNDECLARED_SELECTOR = YES;
				GCC_WARN_UNINITIALIZED_AUTOS = YES_AGGRESSIVE;
				GCC_WARN_UNUSED_FUNCTION = YES;
				GCC_WARN_UNUSED_VARIABLE = YES;
				IPHONEOS_DEPLOYMENT_TARGET = 14.5;
				MTL_ENABLE_DEBUG_INFO = NO;
				MTL_FAST_MATH = YES;
				SDKROOT = iphoneos;
				SWIFT_COMPILATION_MODE = wholemodule;
				SWIFT_OPTIMIZATION_LEVEL = "-O";
				VALIDATE_PRODUCT = YES;
			};
			name = Release;
		};
		E246563126D4442500FBB290 /* Debug */ = {
			isa = XCBuildConfiguration;
			buildSettings = {
				ASSETCATALOG_COMPILER_APPICON_NAME = AppIcon;
				ASSETCATALOG_COMPILER_GLOBAL_ACCENT_COLOR_NAME = AccentColor;
				CODE_SIGN_STYLE = Automatic;
				DEVELOPMENT_ASSET_PATHS = "\"LearningApp/Preview Content\"";
				ENABLE_PREVIEWS = YES;
				INFOPLIST_FILE = LearningApp/Info.plist;
				IPHONEOS_DEPLOYMENT_TARGET = 14.0;
				LD_RUNPATH_SEARCH_PATHS = (
					"$(inherited)",
					"@executable_path/Frameworks",
				);
				PRODUCT_BUNDLE_IDENTIFIER = None.LearningApp;
				PRODUCT_NAME = "$(TARGET_NAME)";
				SWIFT_VERSION = 5.0;
				TARGETED_DEVICE_FAMILY = "1,2";
			};
			name = Debug;
		};
		E246563226D4442500FBB290 /* Release */ = {
			isa = XCBuildConfiguration;
			buildSettings = {
				ASSETCATALOG_COMPILER_APPICON_NAME = AppIcon;
				ASSETCATALOG_COMPILER_GLOBAL_ACCENT_COLOR_NAME = AccentColor;
				CODE_SIGN_STYLE = Automatic;
				DEVELOPMENT_ASSET_PATHS = "\"LearningApp/Preview Content\"";
				ENABLE_PREVIEWS = YES;
				INFOPLIST_FILE = LearningApp/Info.plist;
				IPHONEOS_DEPLOYMENT_TARGET = 14.0;
				LD_RUNPATH_SEARCH_PATHS = (
					"$(inherited)",
					"@executable_path/Frameworks",
				);
				PRODUCT_BUNDLE_IDENTIFIER = None.LearningApp;
				PRODUCT_NAME = "$(TARGET_NAME)";
				SWIFT_VERSION = 5.0;
				TARGETED_DEVICE_FAMILY = "1,2";
			};
			name = Release;
		};
/* End XCBuildConfiguration section */

/* Begin XCConfigurationList section */
		E246561C26D4442400FBB290 /* Build configuration list for PBXProject "LearningApp" */ = {
			isa = XCConfigurationList;
			buildConfigurations = (
				E246562E26D4442500FBB290 /* Debug */,
				E246562F26D4442500FBB290 /* Release */,
			);
			defaultConfigurationIsVisible = 0;
			defaultConfigurationName = Release;
		};
		E246563026D4442500FBB290 /* Build configuration list for PBXNativeTarget "LearningApp" */ = {
			isa = XCConfigurationList;
			buildConfigurations = (
				E246563126D4442500FBB290 /* Debug */,
				E246563226D4442500FBB290 /* Release */,
			);
			defaultConfigurationIsVisible = 0;
			defaultConfigurationName = Release;
		};
/* End XCConfigurationList section */
	};
	rootObject = E246561926D4442400FBB290 /* Project object */;
}
